
Microsoft Visual Studio Solution File, Format Version 12.00
# Visual Studio Version 16
VisualStudioVersion = 16.0.29215.179
MinimumVisualStudioVersion = 10.0.40219.1
Project("{FAE04EC0-301F-11D3-BF4B-00C04F79EFBC}") = "SeleniumChrome", "SeleniumChrome\SeleniumChrome.csproj", "{99D0DED5-2488-455B-8AFB-282DD6D4CC0E}"
EndProject
Global
	GlobalSection(SolutionConfigurationPlatforms) = preSolution
		Debug|Any CPU = Debug|Any CPU
		Release|Any CPU = Release|Any CPU
	EndGlobalSection
	GlobalSection(ProjectConfigurationPlatforms) = postSolution
		{99D0DED5-2488-455B-8AFB-282DD6D4CC0E}.Debug|Any CPU.ActiveCfg = Debug|Any CPU
		{99D0DED5-2488-455B-8AFB-282DD6D4CC0E}.Debug|Any CPU.Build.0 = Debug|Any CPU
		{99D0DED5-2488-455B-8AFB-282DD6D4CC0E}.Release|Any CPU.ActiveCfg = Release|Any CPU
		{99D0DED5-2488-455B-8AFB-282DD6D4CC0E}.Release|Any CPU.Build.0 = Release|Any CPU
	EndGlobalSection
	GlobalSection(SolutionProperties) = preSolution
		HideSolutionNode = FALSE
	EndGlobalSection
	GlobalSection(ExtensibilityGlobals) = postSolution
		SolutionGuid = {4B4EDF0C-E2D7-4C76-A595-53592CBEEB8B}
	EndGlobalSection
EndGlobal
